
Microsoft Visual Studio Solution File, Format Version 12.00
# Visual Studio 14
VisualStudioVersion = 14.0.25123.0
MinimumVisualStudioVersion = 10.0.40219.1
Project("{FAE04EC0-301F-11D3-BF4B-00C04F79EFBC}") = "MSTestEdderkoppen", "MSTestEdderkoppen\MSTestEdderkoppen.csproj", "{146CC55A-95C6-4103-A1EB-A4D8B939C653}"
EndProject
Project("{FAE04EC0-301F-11D3-BF4B-00C04F79EFBC}") = "MSTestEdderkoppenTests", "MSTestEdderkoppenTests\MSTestEdderkoppenTests.csproj", "{ED4146C3-8B9A-454F-B359-9CFCB272C0C2}"
EndProject
Global
	GlobalSection(SolutionConfigurationPlatforms) = preSolution
		Debug|Any CPU = Debug|Any CPU
		Release|Any CPU = Release|Any CPU
	EndGlobalSection
	GlobalSection(ProjectConfigurationPlatforms) = postSolution
		{146CC55A-95C6-4103-A1EB-A4D8B939C653}.Debug|Any CPU.ActiveCfg = Debug|Any CPU
		{146CC55A-95C6-4103-A1EB-A4D8B939C653}.Debug|Any CPU.Build.0 = Debug|Any CPU
		{146CC55A-95C6-4103-A1EB-A4D8B939C653}.Release|Any CPU.ActiveCfg = Release|Any CPU
		{146CC55A-95C6-4103-A1EB-A4D8B939C653}.Release|Any CPU.Build.0 = Release|Any CPU
		{ED4146C3-8B9A-454F-B359-9CFCB272C0C2}.Debug|Any CPU.ActiveCfg = Debug|Any CPU
		{ED4146C3-8B9A-454F-B359-9CFCB272C0C2}.Debug|Any CPU.Build.0 = Debug|Any CPU
		{ED4146C3-8B9A-454F-B359-9CFCB272C0C2}.Release|Any CPU.ActiveCfg = Release|Any CPU
		{ED4146C3-8B9A-454F-B359-9CFCB272C0C2}.Release|Any CPU.Build.0 = Release|Any CPU
	EndGlobalSection
	GlobalSection(SolutionProperties) = preSolution
		HideSolutionNode = FALSE
	EndGlobalSection
EndGlobal
