
Microsoft Visual Studio Solution File, Format Version 12.00
# Visual Studio 14
VisualStudioVersion = 14.0.25123.0
MinimumVisualStudioVersion = 10.0.40219.1
Project("{FAE04EC0-301F-11D3-BF4B-00C04F79EFBC}") = "ConsoleApplication1", "ConsoleApplication1\ConsoleApplication1.csproj", "{59912129-B7B0-43ED-A9D1-43049E40A04A}"
EndProject
Project("{FAE04EC0-301F-11D3-BF4B-00C04F79EFBC}") = "ConsoleApplication1Tests", "ConsoleApplication1Tests\ConsoleApplication1Tests.csproj", "{DE8A2EA4-91FA-426B-B314-154FF8FFCD75}"
EndProject
Global
	GlobalSection(SolutionConfigurationPlatforms) = preSolution
		Debug|Any CPU = Debug|Any CPU
		Release|Any CPU = Release|Any CPU
	EndGlobalSection
	GlobalSection(ProjectConfigurationPlatforms) = postSolution
		{59912129-B7B0-43ED-A9D1-43049E40A04A}.Debug|Any CPU.ActiveCfg = Debug|Any CPU
		{59912129-B7B0-43ED-A9D1-43049E40A04A}.Debug|Any CPU.Build.0 = Debug|Any CPU
		{59912129-B7B0-43ED-A9D1-43049E40A04A}.Release|Any CPU.ActiveCfg = Release|Any CPU
		{59912129-B7B0-43ED-A9D1-43049E40A04A}.Release|Any CPU.Build.0 = Release|Any CPU
		{DE8A2EA4-91FA-426B-B314-154FF8FFCD75}.Debug|Any CPU.ActiveCfg = Debug|Any CPU
		{DE8A2EA4-91FA-426B-B314-154FF8FFCD75}.Debug|Any CPU.Build.0 = Debug|Any CPU
		{DE8A2EA4-91FA-426B-B314-154FF8FFCD75}.Release|Any CPU.ActiveCfg = Release|Any CPU
		{DE8A2EA4-91FA-426B-B314-154FF8FFCD75}.Release|Any CPU.Build.0 = Release|Any CPU
	EndGlobalSection
	GlobalSection(SolutionProperties) = preSolution
		HideSolutionNode = FALSE
	EndGlobalSection
EndGlobal
