
Microsoft Visual Studio Solution File, Format Version 12.00
# Visual Studio 14
VisualStudioVersion = 14.0.25123.0
MinimumVisualStudioVersion = 10.0.40219.1
Project("{FAE04EC0-301F-11D3-BF4B-00C04F79EFBC}") = "Game21", "Game21\Game21.csproj", "{DB9266B0-E590-441C-AF63-214559D44431}"
EndProject
Project("{FAE04EC0-301F-11D3-BF4B-00C04F79EFBC}") = "TicTacToe", "TicTacToe\TicTacToe.csproj", "{ADF917A3-30C2-4A12-9B44-9D62B9650F86}"
EndProject
Project("{FAE04EC0-301F-11D3-BF4B-00C04F79EFBC}") = "Game21MVC", "Game21MVC\Game21MVC.csproj", "{867686A5-BF27-4B04-A489-9BF01213C121}"
EndProject
Global
	GlobalSection(SolutionConfigurationPlatforms) = preSolution
		Debug|Any CPU = Debug|Any CPU
		Release|Any CPU = Release|Any CPU
	EndGlobalSection
	GlobalSection(ProjectConfigurationPlatforms) = postSolution
		{DB9266B0-E590-441C-AF63-214559D44431}.Debug|Any CPU.ActiveCfg = Debug|Any CPU
		{DB9266B0-E590-441C-AF63-214559D44431}.Debug|Any CPU.Build.0 = Debug|Any CPU
		{DB9266B0-E590-441C-AF63-214559D44431}.Release|Any CPU.ActiveCfg = Release|Any CPU
		{DB9266B0-E590-441C-AF63-214559D44431}.Release|Any CPU.Build.0 = Release|Any CPU
		{ADF917A3-30C2-4A12-9B44-9D62B9650F86}.Debug|Any CPU.ActiveCfg = Debug|Any CPU
		{ADF917A3-30C2-4A12-9B44-9D62B9650F86}.Debug|Any CPU.Build.0 = Debug|Any CPU
		{ADF917A3-30C2-4A12-9B44-9D62B9650F86}.Release|Any CPU.ActiveCfg = Release|Any CPU
		{ADF917A3-30C2-4A12-9B44-9D62B9650F86}.Release|Any CPU.Build.0 = Release|Any CPU
		{867686A5-BF27-4B04-A489-9BF01213C121}.Debug|Any CPU.ActiveCfg = Debug|Any CPU
		{867686A5-BF27-4B04-A489-9BF01213C121}.Debug|Any CPU.Build.0 = Debug|Any CPU
		{867686A5-BF27-4B04-A489-9BF01213C121}.Release|Any CPU.ActiveCfg = Release|Any CPU
		{867686A5-BF27-4B04-A489-9BF01213C121}.Release|Any CPU.Build.0 = Release|Any CPU
	EndGlobalSection
	GlobalSection(SolutionProperties) = preSolution
		HideSolutionNode = FALSE
	EndGlobalSection
EndGlobal
