
Microsoft Visual Studio Solution File, Format Version 12.00
# Visual Studio 14
VisualStudioVersion = 14.0.25123.0
MinimumVisualStudioVersion = 10.0.40219.1
Project("{FAE04EC0-301F-11D3-BF4B-00C04F79EFBC}") = "Labb4MVC", "Labb4MVC\Labb4MVC.csproj", "{05ED2475-AA46-4B96-BBCA-78AB436B79E9}"
EndProject
Project("{FAE04EC0-301F-11D3-BF4B-00C04F79EFBC}") = "Labb4Uppgift2", "Labb4Uppgift2\Labb4Uppgift2.csproj", "{7F9F30D8-A2F8-4D66-A751-972078F151A0}"
EndProject
Global
	GlobalSection(SolutionConfigurationPlatforms) = preSolution
		Debug|Any CPU = Debug|Any CPU
		Release|Any CPU = Release|Any CPU
	EndGlobalSection
	GlobalSection(ProjectConfigurationPlatforms) = postSolution
		{05ED2475-AA46-4B96-BBCA-78AB436B79E9}.Debug|Any CPU.ActiveCfg = Debug|Any CPU
		{05ED2475-AA46-4B96-BBCA-78AB436B79E9}.Debug|Any CPU.Build.0 = Debug|Any CPU
		{05ED2475-AA46-4B96-BBCA-78AB436B79E9}.Release|Any CPU.ActiveCfg = Release|Any CPU
		{05ED2475-AA46-4B96-BBCA-78AB436B79E9}.Release|Any CPU.Build.0 = Release|Any CPU
		{7F9F30D8-A2F8-4D66-A751-972078F151A0}.Debug|Any CPU.ActiveCfg = Debug|Any CPU
		{7F9F30D8-A2F8-4D66-A751-972078F151A0}.Debug|Any CPU.Build.0 = Debug|Any CPU
		{7F9F30D8-A2F8-4D66-A751-972078F151A0}.Release|Any CPU.ActiveCfg = Release|Any CPU
		{7F9F30D8-A2F8-4D66-A751-972078F151A0}.Release|Any CPU.Build.0 = Release|Any CPU
	EndGlobalSection
	GlobalSection(SolutionProperties) = preSolution
		HideSolutionNode = FALSE
	EndGlobalSection
EndGlobal
